
Microsoft Visual Studio Solution File, Format Version 12.00
# Visual Studio Version 16
VisualStudioVersion = 16.0.30711.63
MinimumVisualStudioVersion = 10.0.40219.1
Project("{9A19103F-16F7-4668-BE54-9A1E7A4F7556}") = "LocalPicturesService", "LocalPicturesService\LocalPicturesService.csproj", "{402B3EBF-06A5-4558-9E99-B1494A8F531C}"
EndProject
Project("{9A19103F-16F7-4668-BE54-9A1E7A4F7556}") = "RemotePicturesService", "RemotePicturesService\RemotePicturesService.csproj", "{918F091C-8571-4C97-A4C6-D6C0B1D143F9}"
EndProject
Project("{9A19103F-16F7-4668-BE54-9A1E7A4F7556}") = "PicturesConsumerClient", "PicturesConsumerClient\PicturesConsumerClient.csproj", "{C87DA69D-96E1-429F-BD8B-E54064660851}"
EndProject
Project("{9A19103F-16F7-4668-BE54-9A1E7A4F7556}") = "PicturesLib", "PicturesLib\PicturesLib.csproj", "{95EAAEA9-7CE5-4188-BA32-68CB0FAA5B50}"
EndProject
Global
	GlobalSection(SolutionConfigurationPlatforms) = preSolution
		Debug|Any CPU = Debug|Any CPU
		Release|Any CPU = Release|Any CPU
	EndGlobalSection
	GlobalSection(ProjectConfigurationPlatforms) = postSolution
		{402B3EBF-06A5-4558-9E99-B1494A8F531C}.Debug|Any CPU.ActiveCfg = Debug|Any CPU
		{402B3EBF-06A5-4558-9E99-B1494A8F531C}.Debug|Any CPU.Build.0 = Debug|Any CPU
		{402B3EBF-06A5-4558-9E99-B1494A8F531C}.Release|Any CPU.ActiveCfg = Release|Any CPU
		{402B3EBF-06A5-4558-9E99-B1494A8F531C}.Release|Any CPU.Build.0 = Release|Any CPU
		{918F091C-8571-4C97-A4C6-D6C0B1D143F9}.Debug|Any CPU.ActiveCfg = Debug|Any CPU
		{918F091C-8571-4C97-A4C6-D6C0B1D143F9}.Debug|Any CPU.Build.0 = Debug|Any CPU
		{918F091C-8571-4C97-A4C6-D6C0B1D143F9}.Release|Any CPU.ActiveCfg = Release|Any CPU
		{918F091C-8571-4C97-A4C6-D6C0B1D143F9}.Release|Any CPU.Build.0 = Release|Any CPU
		{C87DA69D-96E1-429F-BD8B-E54064660851}.Debug|Any CPU.ActiveCfg = Debug|Any CPU
		{C87DA69D-96E1-429F-BD8B-E54064660851}.Debug|Any CPU.Build.0 = Debug|Any CPU
		{C87DA69D-96E1-429F-BD8B-E54064660851}.Release|Any CPU.ActiveCfg = Release|Any CPU
		{C87DA69D-96E1-429F-BD8B-E54064660851}.Release|Any CPU.Build.0 = Release|Any CPU
		{95EAAEA9-7CE5-4188-BA32-68CB0FAA5B50}.Debug|Any CPU.ActiveCfg = Debug|Any CPU
		{95EAAEA9-7CE5-4188-BA32-68CB0FAA5B50}.Debug|Any CPU.Build.0 = Debug|Any CPU
		{95EAAEA9-7CE5-4188-BA32-68CB0FAA5B50}.Release|Any CPU.ActiveCfg = Release|Any CPU
		{95EAAEA9-7CE5-4188-BA32-68CB0FAA5B50}.Release|Any CPU.Build.0 = Release|Any CPU
	EndGlobalSection
	GlobalSection(SolutionProperties) = preSolution
		HideSolutionNode = FALSE
	EndGlobalSection
	GlobalSection(ExtensibilityGlobals) = postSolution
		SolutionGuid = {58D86309-8E65-402E-8F54-69C987D160F2}
	EndGlobalSection
EndGlobal
